// !$*UTF8*$!
{
	archiveVersion = 1;
	classes = {
	};
	objectVersion = 56;
	objects = {

/* Begin PBXBuildFile section */
		CB0186942B089C000074E945 /* AppDelegate.swift in Sources */ = {isa = PBXBuildFile; fileRef = CB0186932B089C000074E945 /* AppDelegate.swift */; };
		CB0186962B089C000074E945 /* SceneDelegate.swift in Sources */ = {isa = PBXBuildFile; fileRef = CB0186952B089C000074E945 /* SceneDelegate.swift */; };
		CB0186982B089C000074E945 /* MainScreenViewController.swift in Sources */ = {isa = PBXBuildFile; fileRef = CB0186972B089C000074E945 /* MainScreenViewController.swift */; };
		CB01869D2B089C020074E945 /* Assets.xcassets in Resources */ = {isa = PBXBuildFile; fileRef = CB01869C2B089C020074E945 /* Assets.xcassets */; };
		CB0186A02B089C020074E945 /* LaunchScreen.storyboard in Resources */ = {isa = PBXBuildFile; fileRef = CB01869E2B089C020074E945 /* LaunchScreen.storyboard */; };
		CB0186B02B08B25D0074E945 /* Currency.swift in Sources */ = {isa = PBXBuildFile; fileRef = CB0186AF2B08B25D0074E945 /* Currency.swift */; };
		CB0186B22B08BB130074E945 /* MainScreenView.swift in Sources */ = {isa = PBXBuildFile; fileRef = CB0186B12B08BB130074E945 /* MainScreenView.swift */; };
		CB0186B42B08BB590074E945 /* MainScreenViewModel.swift in Sources */ = {isa = PBXBuildFile; fileRef = CB0186B32B08BB590074E945 /* MainScreenViewModel.swift */; };
		CB0186BB2B0BC09F0074E945 /* CustomTextField.swift in Sources */ = {isa = PBXBuildFile; fileRef = CB0186BA2B0BC09F0074E945 /* CustomTextField.swift */; };
		CB0186C02B0D08F70074E945 /* MainScreenViewModelProtocols.swift in Sources */ = {isa = PBXBuildFile; fileRef = CB0186BF2B0D08F70074E945 /* MainScreenViewModelProtocols.swift */; };
/* End PBXBuildFile section */

/* Begin PBXFileReference section */
		CB0186902B089C000074E945 /* Currency Converter.app */ = {isa = PBXFileReference; explicitFileType = wrapper.application; includeInIndex = 0; path = "Currency Converter.app"; sourceTree = BUILT_PRODUCTS_DIR; };
		CB0186932B089C000074E945 /* AppDelegate.swift */ = {isa = PBXFileReference; lastKnownFileType = sourcecode.swift; path = AppDelegate.swift; sourceTree = "<group>"; };
		CB0186952B089C000074E945 /* SceneDelegate.swift */ = {isa = PBXFileReference; lastKnownFileType = sourcecode.swift; path = SceneDelegate.swift; sourceTree = "<group>"; };
		CB0186972B089C000074E945 /* MainScreenViewController.swift */ = {isa = PBXFileReference; lastKnownFileType = sourcecode.swift; path = MainScreenViewController.swift; sourceTree = "<group>"; };
		CB01869C2B089C020074E945 /* Assets.xcassets */ = {isa = PBXFileReference; lastKnownFileType = folder.assetcatalog; path = Assets.xcassets; sourceTree = "<group>"; };
		CB01869F2B089C020074E945 /* Base */ = {isa = PBXFileReference; lastKnownFileType = file.storyboard; name = Base; path = Base.lproj/LaunchScreen.storyboard; sourceTree = "<group>"; };
		CB0186A12B089C020074E945 /* Info.plist */ = {isa = PBXFileReference; lastKnownFileType = text.plist.xml; path = Info.plist; sourceTree = "<group>"; };
		CB0186AF2B08B25D0074E945 /* Currency.swift */ = {isa = PBXFileReference; lastKnownFileType = sourcecode.swift; path = Currency.swift; sourceTree = "<group>"; };
		CB0186B12B08BB130074E945 /* MainScreenView.swift */ = {isa = PBXFileReference; lastKnownFileType = sourcecode.swift; path = MainScreenView.swift; sourceTree = "<group>"; };
		CB0186B32B08BB590074E945 /* MainScreenViewModel.swift */ = {isa = PBXFileReference; lastKnownFileType = sourcecode.swift; path = MainScreenViewModel.swift; sourceTree = "<group>"; };
		CB0186BA2B0BC09F0074E945 /* CustomTextField.swift */ = {isa = PBXFileReference; lastKnownFileType = sourcecode.swift; path = CustomTextField.swift; sourceTree = "<group>"; };
		CB0186BF2B0D08F70074E945 /* MainScreenViewModelProtocols.swift */ = {isa = PBXFileReference; lastKnownFileType = sourcecode.swift; path = MainScreenViewModelProtocols.swift; sourceTree = "<group>"; };
/* End PBXFileReference section */

/* Begin PBXFrameworksBuildPhase section */
		CB01868D2B089C000074E945 /* Frameworks */ = {
			isa = PBXFrameworksBuildPhase;
			buildActionMask = 2147483647;
			files = (
			);
			runOnlyForDeploymentPostprocessing = 0;
		};
/* End PBXFrameworksBuildPhase section */

/* Begin PBXGroup section */
		CB0186872B089C000074E945 = {
			isa = PBXGroup;
			children = (
				CB0186922B089C000074E945 /* Currency Converter */,
				CB0186912B089C000074E945 /* Products */,
			);
			sourceTree = "<group>";
		};
		CB0186912B089C000074E945 /* Products */ = {
			isa = PBXGroup;
			children = (
				CB0186902B089C000074E945 /* Currency Converter.app */,
			);
			name = Products;
			sourceTree = "<group>";
		};
		CB0186922B089C000074E945 /* Currency Converter */ = {
			isa = PBXGroup;
			children = (
				CB0186AB2B089D5C0074E945 /* Models */,
				CB0186AA2B089D420074E945 /* Views */,
				CB0186A92B089D370074E945 /* ViewModels */,
				CB0186A82B089D150074E945 /* Controllers */,
				CB0186B92B0BB3B50074E945 /* Common */,
				CB0186A72B089CEE0074E945 /* Supporting */,
			);
			path = "Currency Converter";
			sourceTree = "<group>";
		};
		CB0186A72B089CEE0074E945 /* Supporting */ = {
			isa = PBXGroup;
			children = (
				CB0186932B089C000074E945 /* AppDelegate.swift */,
				CB0186952B089C000074E945 /* SceneDelegate.swift */,
				CB01869C2B089C020074E945 /* Assets.xcassets */,
				CB01869E2B089C020074E945 /* LaunchScreen.storyboard */,
				CB0186A12B089C020074E945 /* Info.plist */,
			);
			path = Supporting;
			sourceTree = "<group>";
		};
		CB0186A82B089D150074E945 /* Controllers */ = {
			isa = PBXGroup;
			children = (
				CB0186972B089C000074E945 /* MainScreenViewController.swift */,
			);
			path = Controllers;
			sourceTree = "<group>";
		};
		CB0186A92B089D370074E945 /* ViewModels */ = {
			isa = PBXGroup;
			children = (
				CB0186BC2B0D08980074E945 /* ViewModelProtocols */,
				CB0186B32B08BB590074E945 /* MainScreenViewModel.swift */,
			);
			path = ViewModels;
			sourceTree = "<group>";
		};
		CB0186AA2B089D420074E945 /* Views */ = {
			isa = PBXGroup;
			children = (
				CB0186B12B08BB130074E945 /* MainScreenView.swift */,
			);
			path = Views;
			sourceTree = "<group>";
		};
		CB0186AB2B089D5C0074E945 /* Models */ = {
			isa = PBXGroup;
			children = (
				CB0186AF2B08B25D0074E945 /* Currency.swift */,
			);
			path = Models;
			sourceTree = "<group>";
		};
		CB0186B92B0BB3B50074E945 /* Common */ = {
			isa = PBXGroup;
			children = (
				CB0186BA2B0BC09F0074E945 /* CustomTextField.swift */,
			);
			path = Common;
			sourceTree = "<group>";
		};
		CB0186BC2B0D08980074E945 /* ViewModelProtocols */ = {
			isa = PBXGroup;
			children = (
				CB0186BF2B0D08F70074E945 /* MainScreenViewModelProtocols.swift */,
			);
			path = ViewModelProtocols;
			sourceTree = "<group>";
		};
/* End PBXGroup section */

/* Begin PBXNativeTarget section */
		CB01868F2B089C000074E945 /* Currency Converter */ = {
			isa = PBXNativeTarget;
			buildConfigurationList = CB0186A42B089C020074E945 /* Build configuration list for PBXNativeTarget "Currency Converter" */;
			buildPhases = (
				CB01868C2B089C000074E945 /* Sources */,
				CB01868D2B089C000074E945 /* Frameworks */,
				CB01868E2B089C000074E945 /* Resources */,
			);
			buildRules = (
			);
			dependencies = (
			);
			name = "Currency Converter";
			productName = "Currency Converter";
			productReference = CB0186902B089C000074E945 /* Currency Converter.app */;
			productType = "com.apple.product-type.application";
		};
/* End PBXNativeTarget section */

/* Begin PBXProject section */
		CB0186882B089C000074E945 /* Project object */ = {
			isa = PBXProject;
			attributes = {
				BuildIndependentTargetsInParallel = 1;
				LastSwiftUpdateCheck = 1400;
				LastUpgradeCheck = 1400;
				TargetAttributes = {
					CB01868F2B089C000074E945 = {
						CreatedOnToolsVersion = 14.0.1;
					};
				};
			};
			buildConfigurationList = CB01868B2B089C000074E945 /* Build configuration list for PBXProject "Currency Converter" */;
			compatibilityVersion = "Xcode 14.0";
			developmentRegion = en;
			hasScannedForEncodings = 0;
			knownRegions = (
				en,
				Base,
			);
			mainGroup = CB0186872B089C000074E945;
			productRefGroup = CB0186912B089C000074E945 /* Products */;
			projectDirPath = "";
			projectRoot = "";
			targets = (
				CB01868F2B089C000074E945 /* Currency Converter */,
			);
		};
/* End PBXProject section */

/* Begin PBXResourcesBuildPhase section */
		CB01868E2B089C000074E945 /* Resources */ = {
			isa = PBXResourcesBuildPhase;
			buildActionMask = 2147483647;
			files = (
				CB0186A02B089C020074E945 /* LaunchScreen.storyboard in Resources */,
				CB01869D2B089C020074E945 /* Assets.xcassets in Resources */,
			);
			runOnlyForDeploymentPostprocessing = 0;
		};
/* End PBXResourcesBuildPhase section */

/* Begin PBXSourcesBuildPhase section */
		CB01868C2B089C000074E945 /* Sources */ = {
			isa = PBXSourcesBuildPhase;
			buildActionMask = 2147483647;
			files = (
				CB0186BB2B0BC09F0074E945 /* CustomTextField.swift in Sources */,
				CB0186982B089C000074E945 /* MainScreenViewController.swift in Sources */,
				CB0186B42B08BB590074E945 /* MainScreenViewModel.swift in Sources */,
				CB0186B22B08BB130074E945 /* MainScreenView.swift in Sources */,
				CB0186B02B08B25D0074E945 /* Currency.swift in Sources */,
				CB0186942B089C000074E945 /* AppDelegate.swift in Sources */,
				CB0186962B089C000074E945 /* SceneDelegate.swift in Sources */,
				CB0186C02B0D08F70074E945 /* MainScreenViewModelProtocols.swift in Sources */,
			);
			runOnlyForDeploymentPostprocessing = 0;
		};
/* End PBXSourcesBuildPhase section */

/* Begin PBXVariantGroup section */
		CB01869E2B089C020074E945 /* LaunchScreen.storyboard */ = {
			isa = PBXVariantGroup;
			children = (
				CB01869F2B089C020074E945 /* Base */,
			);
			name = LaunchScreen.storyboard;
			sourceTree = "<group>";
		};
/* End PBXVariantGroup section */

/* Begin XCBuildConfiguration section */
		CB0186A22B089C020074E945 /* Debug */ = {
			isa = XCBuildConfiguration;
			buildSettings = {
				ALWAYS_SEARCH_USER_PATHS = NO;
				CLANG_ANALYZER_NONNULL = YES;
				CLANG_ANALYZER_NUMBER_OBJECT_CONVERSION = YES_AGGRESSIVE;
				CLANG_CXX_LANGUAGE_STANDARD = "gnu++20";
				CLANG_ENABLE_MODULES = YES;
				CLANG_ENABLE_OBJC_ARC = YES;
				CLANG_ENABLE_OBJC_WEAK = YES;
				CLANG_WARN_BLOCK_CAPTURE_AUTORELEASING = YES;
				CLANG_WARN_BOOL_CONVERSION = YES;
				CLANG_WARN_COMMA = YES;
				CLANG_WARN_CONSTANT_CONVERSION = YES;
				CLANG_WARN_DEPRECATED_OBJC_IMPLEMENTATIONS = YES;
				CLANG_WARN_DIRECT_OBJC_ISA_USAGE = YES_ERROR;
				CLANG_WARN_DOCUMENTATION_COMMENTS = YES;
				CLANG_WARN_EMPTY_BODY = YES;
				CLANG_WARN_ENUM_CONVERSION = YES;
				CLANG_WARN_INFINITE_RECURSION = YES;
				CLANG_WARN_INT_CONVERSION = YES;
				CLANG_WARN_NON_LITERAL_NULL_CONVERSION = YES;
				CLANG_WARN_OBJC_IMPLICIT_RETAIN_SELF = YES;
				CLANG_WARN_OBJC_LITERAL_CONVERSION = YES;
				CLANG_WARN_OBJC_ROOT_CLASS = YES_ERROR;
				CLANG_WARN_QUOTED_INCLUDE_IN_FRAMEWORK_HEADER = YES;
				CLANG_WARN_RANGE_LOOP_ANALYSIS = YES;
				CLANG_WARN_STRICT_PROTOTYPES = YES;
				CLANG_WARN_SUSPICIOUS_MOVE = YES;
				CLANG_WARN_UNGUARDED_AVAILABILITY = YES_AGGRESSIVE;
				CLANG_WARN_UNREACHABLE_CODE = YES;
				CLANG_WARN__DUPLICATE_METHOD_MATCH = YES;
				COPY_PHASE_STRIP = NO;
				DEBUG_INFORMATION_FORMAT = dwarf;
				ENABLE_STRICT_OBJC_MSGSEND = YES;
				ENABLE_TESTABILITY = YES;
				GCC_C_LANGUAGE_STANDARD = gnu11;
				GCC_DYNAMIC_NO_PIC = NO;
				GCC_NO_COMMON_BLOCKS = YES;
				GCC_OPTIMIZATION_LEVEL = 0;
				GCC_PREPROCESSOR_DEFINITIONS = (
					"DEBUG=1",
					"$(inherited)",
				);
				GCC_WARN_64_TO_32_BIT_CONVERSION = YES;
				GCC_WARN_ABOUT_RETURN_TYPE = YES_ERROR;
				GCC_WARN_UNDECLARED_SELECTOR = YES;
				GCC_WARN_UNINITIALIZED_AUTOS = YES_AGGRESSIVE;
				GCC_WARN_UNUSED_FUNCTION = YES;
				GCC_WARN_UNUSED_VARIABLE = YES;
				IPHONEOS_DEPLOYMENT_TARGET = 13.0;
				MTL_ENABLE_DEBUG_INFO = INCLUDE_SOURCE;
				MTL_FAST_MATH = YES;
				ONLY_ACTIVE_ARCH = YES;
				SDKROOT = iphoneos;
				SWIFT_ACTIVE_COMPILATION_CONDITIONS = DEBUG;
				SWIFT_OPTIMIZATION_LEVEL = "-Onone";
			};
			name = Debug;
		};
		CB0186A32B089C020074E945 /* Release */ = {
			isa = XCBuildConfiguration;
			buildSettings = {
				ALWAYS_SEARCH_USER_PATHS = NO;
				CLANG_ANALYZER_NONNULL = YES;
				CLANG_ANALYZER_NUMBER_OBJECT_CONVERSION = YES_AGGRESSIVE;
				CLANG_CXX_LANGUAGE_STANDARD = "gnu++20";
				CLANG_ENABLE_MODULES = YES;
				CLANG_ENABLE_OBJC_ARC = YES;
				CLANG_ENABLE_OBJC_WEAK = YES;
				CLANG_WARN_BLOCK_CAPTURE_AUTORELEASING = YES;
				CLANG_WARN_BOOL_CONVERSION = YES;
				CLANG_WARN_COMMA = YES;
				CLANG_WARN_CONSTANT_CONVERSION = YES;
				CLANG_WARN_DEPRECATED_OBJC_IMPLEMENTATIONS = YES;
				CLANG_WARN_DIRECT_OBJC_ISA_USAGE = YES_ERROR;
				CLANG_WARN_DOCUMENTATION_COMMENTS = YES;
				CLANG_WARN_EMPTY_BODY = YES;
				CLANG_WARN_ENUM_CONVERSION = YES;
				CLANG_WARN_INFINITE_RECURSION = YES;
				CLANG_WARN_INT_CONVERSION = YES;
				CLANG_WARN_NON_LITERAL_NULL_CONVERSION = YES;
				CLANG_WARN_OBJC_IMPLICIT_RETAIN_SELF = YES;
				CLANG_WARN_OBJC_LITERAL_CONVERSION = YES;
				CLANG_WARN_OBJC_ROOT_CLASS = YES_ERROR;
				CLANG_WARN_QUOTED_INCLUDE_IN_FRAMEWORK_HEADER = YES;
				CLANG_WARN_RANGE_LOOP_ANALYSIS = YES;
				CLANG_WARN_STRICT_PROTOTYPES = YES;
				CLANG_WARN_SUSPICIOUS_MOVE = YES;
				CLANG_WARN_UNGUARDED_AVAILABILITY = YES_AGGRESSIVE;
				CLANG_WARN_UNREACHABLE_CODE = YES;
				CLANG_WARN__DUPLICATE_METHOD_MATCH = YES;
				COPY_PHASE_STRIP = NO;
				DEBUG_INFORMATION_FORMAT = "dwarf-with-dsym";
				ENABLE_NS_ASSERTIONS = NO;
				ENABLE_STRICT_OBJC_MSGSEND = YES;
				GCC_C_LANGUAGE_STANDARD = gnu11;
				GCC_NO_COMMON_BLOCKS = YES;
				GCC_WARN_64_TO_32_BIT_CONVERSION = YES;
				GCC_WARN_ABOUT_RETURN_TYPE = YES_ERROR;
				GCC_WARN_UNDECLARED_SELECTOR = YES;
				GCC_WARN_UNINITIALIZED_AUTOS = YES_AGGRESSIVE;
				GCC_WARN_UNUSED_FUNCTION = YES;
				GCC_WARN_UNUSED_VARIABLE = YES;
				IPHONEOS_DEPLOYMENT_TARGET = 13.0;
				MTL_ENABLE_DEBUG_INFO = NO;
				MTL_FAST_MATH = YES;
				SDKROOT = iphoneos;
				SWIFT_COMPILATION_MODE = wholemodule;
				SWIFT_OPTIMIZATION_LEVEL = "-O";
				VALIDATE_PRODUCT = YES;
			};
			name = Release;
		};
		CB0186A52B089C020074E945 /* Debug */ = {
			isa = XCBuildConfiguration;
			buildSettings = {
				ASSETCATALOG_COMPILER_APPICON_NAME = AppIcon;
				ASSETCATALOG_COMPILER_GLOBAL_ACCENT_COLOR_NAME = AccentColor;
				CODE_SIGN_STYLE = Automatic;
				CURRENT_PROJECT_VERSION = 1;
				DEVELOPMENT_TEAM = V2P7SXQF84;
				GENERATE_INFOPLIST_FILE = YES;
				INFOPLIST_FILE = "Currency Converter/Supporting/Info.plist";
				INFOPLIST_KEY_UIApplicationSupportsIndirectInputEvents = YES;
				INFOPLIST_KEY_UILaunchStoryboardName = LaunchScreen;
				INFOPLIST_KEY_UISupportedInterfaceOrientations_iPad = "UIInterfaceOrientationPortrait UIInterfaceOrientationPortraitUpsideDown UIInterfaceOrientationLandscapeLeft UIInterfaceOrientationLandscapeRight";
				INFOPLIST_KEY_UISupportedInterfaceOrientations_iPhone = "UIInterfaceOrientationPortrait UIInterfaceOrientationLandscapeLeft UIInterfaceOrientationLandscapeRight";
				IPHONEOS_DEPLOYMENT_TARGET = 13.0;
				LD_RUNPATH_SEARCH_PATHS = (
					"$(inherited)",
					"@executable_path/Frameworks",
				);
				MARKETING_VERSION = 1.0;
				PRODUCT_BUNDLE_IDENTIFIER = "rapic.Currency-Converter";
				PRODUCT_NAME = "$(TARGET_NAME)";
				SUPPORTED_PLATFORMS = "iphoneos iphonesimulator";
				SUPPORTS_MACCATALYST = NO;
				SUPPORTS_MAC_DESIGNED_FOR_IPHONE_IPAD = NO;
				SWIFT_EMIT_LOC_STRINGS = YES;
				SWIFT_VERSION = 5.0;
				TARGETED_DEVICE_FAMILY = 1;
			};
			name = Debug;
		};
		CB0186A62B089C020074E945 /* Release */ = {
			isa = XCBuildConfiguration;
			buildSettings = {
				ASSETCATALOG_COMPILER_APPICON_NAME = AppIcon;
				ASSETCATALOG_COMPILER_GLOBAL_ACCENT_COLOR_NAME = AccentColor;
				CODE_SIGN_STYLE = Automatic;
				CURRENT_PROJECT_VERSION = 1;
				DEVELOPMENT_TEAM = V2P7SXQF84;
				GENERATE_INFOPLIST_FILE = YES;
				INFOPLIST_FILE = "Currency Converter/Supporting/Info.plist";
				INFOPLIST_KEY_UIApplicationSupportsIndirectInputEvents = YES;
				INFOPLIST_KEY_UILaunchStoryboardName = LaunchScreen;
				INFOPLIST_KEY_UISupportedInterfaceOrientations_iPad = "UIInterfaceOrientationPortrait UIInterfaceOrientationPortraitUpsideDown UIInterfaceOrientationLandscapeLeft UIInterfaceOrientationLandscapeRight";
				INFOPLIST_KEY_UISupportedInterfaceOrientations_iPhone = "UIInterfaceOrientationPortrait UIInterfaceOrientationLandscapeLeft UIInterfaceOrientationLandscapeRight";
				IPHONEOS_DEPLOYMENT_TARGET = 13.0;
				LD_RUNPATH_SEARCH_PATHS = (
					"$(inherited)",
					"@executable_path/Frameworks",
				);
				MARKETING_VERSION = 1.0;
				PRODUCT_BUNDLE_IDENTIFIER = "rapic.Currency-Converter";
				PRODUCT_NAME = "$(TARGET_NAME)";
				SUPPORTED_PLATFORMS = "iphoneos iphonesimulator";
				SUPPORTS_MACCATALYST = NO;
				SUPPORTS_MAC_DESIGNED_FOR_IPHONE_IPAD = NO;
				SWIFT_EMIT_LOC_STRINGS = YES;
				SWIFT_VERSION = 5.0;
				TARGETED_DEVICE_FAMILY = 1;
			};
			name = Release;
		};
/* End XCBuildConfiguration section */

/* Begin XCConfigurationList section */
		CB01868B2B089C000074E945 /* Build configuration list for PBXProject "Currency Converter" */ = {
			isa = XCConfigurationList;
			buildConfigurations = (
				CB0186A22B089C020074E945 /* Debug */,
				CB0186A32B089C020074E945 /* Release */,
			);
			defaultConfigurationIsVisible = 0;
			defaultConfigurationName = Release;
		};
		CB0186A42B089C020074E945 /* Build configuration list for PBXNativeTarget "Currency Converter" */ = {
			isa = XCConfigurationList;
			buildConfigurations = (
				CB0186A52B089C020074E945 /* Debug */,
				CB0186A62B089C020074E945 /* Release */,
			);
			defaultConfigurationIsVisible = 0;
			defaultConfigurationName = Release;
		};
/* End XCConfigurationList section */
	};
	rootObject = CB0186882B089C000074E945 /* Project object */;
}
